
Microsoft Visual Studio Solution File, Format Version 12.00
# Visual Studio Version 16
VisualStudioVersion = 16.0.30503.244
MinimumVisualStudioVersion = 10.0.40219.1
Project("{9A19103F-16F7-4668-BE54-9A1E7A4F7556}") = "Financial.Models", "Models\Financial.Models.csproj", "{A3C090BA-699D-4A8D-B17F-79F1990FE5D1}"
EndProject
Project("{FAE04EC0-301F-11D3-BF4B-00C04F79EFBC}") = "Financial.WebAPI", "WebAPI\Financial.WebAPI.csproj", "{249106D1-B23F-4ECD-834A-F279DFF30553}"
EndProject
Global
	GlobalSection(SolutionConfigurationPlatforms) = preSolution
		Debug|Any CPU = Debug|Any CPU
		Release|Any CPU = Release|Any CPU
	EndGlobalSection
	GlobalSection(ProjectConfigurationPlatforms) = postSolution
		{A3C090BA-699D-4A8D-B17F-79F1990FE5D1}.Debug|Any CPU.ActiveCfg = Debug|Any CPU
		{A3C090BA-699D-4A8D-B17F-79F1990FE5D1}.Debug|Any CPU.Build.0 = Debug|Any CPU
		{A3C090BA-699D-4A8D-B17F-79F1990FE5D1}.Release|Any CPU.ActiveCfg = Release|Any CPU
		{A3C090BA-699D-4A8D-B17F-79F1990FE5D1}.Release|Any CPU.Build.0 = Release|Any CPU
		{249106D1-B23F-4ECD-834A-F279DFF30553}.Debug|Any CPU.ActiveCfg = Debug|Any CPU
		{249106D1-B23F-4ECD-834A-F279DFF30553}.Debug|Any CPU.Build.0 = Debug|Any CPU
		{249106D1-B23F-4ECD-834A-F279DFF30553}.Release|Any CPU.ActiveCfg = Release|Any CPU
		{249106D1-B23F-4ECD-834A-F279DFF30553}.Release|Any CPU.Build.0 = Release|Any CPU
	EndGlobalSection
	GlobalSection(SolutionProperties) = preSolution
		HideSolutionNode = FALSE
	EndGlobalSection
	GlobalSection(ExtensibilityGlobals) = postSolution
		SolutionGuid = {C32EDB00-B7D3-4DD0-9F17-6CEF69250E39}
	EndGlobalSection
EndGlobal
